
Microsoft Visual Studio Solution File, Format Version 12.00
# Visual Studio 15
VisualStudioVersion = 15.0.26730.16
MinimumVisualStudioVersion = 10.0.40219.1
Project("{FAE04EC0-301F-11D3-BF4B-00C04F79EFBC}") = "1_NonLINQ", "LINQ\1_NonLINQ.csproj", "{4B4B8208-C48E-461E-8B2E-39EC4F14F7DF}"
EndProject
Project("{FAE04EC0-301F-11D3-BF4B-00C04F79EFBC}") = "2_FirstLINQ", "FirstLINQ\2_FirstLINQ.csproj", "{EB9C575C-08DC-401C-9BB2-3A64877DAC04}"
EndProject
Project("{FAE04EC0-301F-11D3-BF4B-00C04F79EFBC}") = "3_LINQInDotNet", "3_LINQInDotNet\3_LINQInDotNet.csproj", "{9CE4A825-A85F-494C-804E-B64A9FB1554B}"
EndProject
Project("{FAE04EC0-301F-11D3-BF4B-00C04F79EFBC}") = "4_Like", "4_Like\4_Like.csproj", "{D593570A-2D1C-4F72-A681-99C1A710128C}"
EndProject
Project("{FAE04EC0-301F-11D3-BF4B-00C04F79EFBC}") = "5_In", "5_In\5_In.csproj", "{3CAF0D21-5B50-4000-91E0-3C76ACC523E3}"
EndProject
Project("{FAE04EC0-301F-11D3-BF4B-00C04F79EFBC}") = "6_ElementAt", "6_ElementAt\6_ElementAt.csproj", "{E6D5B85C-E8FC-47D8-85A8-2E69508DCC5F}"
EndProject
Project("{FAE04EC0-301F-11D3-BF4B-00C04F79EFBC}") = "7_Let", "Let\7_Let.csproj", "{F4F41D21-C1A7-4CAC-BA27-B51907902A54}"
EndProject
Project("{FAE04EC0-301F-11D3-BF4B-00C04F79EFBC}") = "8_Let_FindInFile", "8_Let_FindInFile\8_Let_FindInFile.csproj", "{1DA310FE-88CD-473A-8897-2CBF070478D1}"
EndProject
Project("{FAE04EC0-301F-11D3-BF4B-00C04F79EFBC}") = "9_TakeWhile_And_SkipWhile", "9_TakeWhile_And_SkipWhile\9_TakeWhile_And_SkipWhile.csproj", "{E6B6617B-1466-4B70-AFA4-2FAF745FF8B6}"
EndProject
Project("{FAE04EC0-301F-11D3-BF4B-00C04F79EFBC}") = "10_ExceptWithComplexType", "10_ExceptWithComplexType\10_ExceptWithComplexType.csproj", "{CDAFECA6-F5C0-48CC-8386-30B1963C36DB}"
EndProject
Project("{FAE04EC0-301F-11D3-BF4B-00C04F79EFBC}") = "11_GroupJoin", "11_GroupJoin\11_GroupJoin.csproj", "{DD503DBE-F86E-4EBA-A317-E2C6B5729850}"
EndProject
Project("{FAE04EC0-301F-11D3-BF4B-00C04F79EFBC}") = "12_Zip", "12_Zip\12_Zip.csproj", "{5B2A1818-F5C5-4C8A-A18B-F4E96A1EB2BA}"
EndProject
Project("{FAE04EC0-301F-11D3-BF4B-00C04F79EFBC}") = "13_LeftOuterJoin", "13_LeftOuterJoin\13_LeftOuterJoin.csproj", "{834C7666-9593-48CF-BF43-E5A3D35B0EE6}"
EndProject
Project("{FAE04EC0-301F-11D3-BF4B-00C04F79EFBC}") = "14_Group", "14_Group\14_Group.csproj", "{6EE0A9B2-61B6-4A5A-BC66-97957855CDDF}"
EndProject
Project("{FAE04EC0-301F-11D3-BF4B-00C04F79EFBC}") = "15_Repeat", "15_Repeat\15_Repeat.csproj", "{27DC4514-4946-4FC2-A0EC-3BAAA16A1828}"
EndProject
Global
	GlobalSection(SolutionConfigurationPlatforms) = preSolution
		Debug|Any CPU = Debug|Any CPU
		Release|Any CPU = Release|Any CPU
	EndGlobalSection
	GlobalSection(ProjectConfigurationPlatforms) = postSolution
		{4B4B8208-C48E-461E-8B2E-39EC4F14F7DF}.Debug|Any CPU.ActiveCfg = Debug|Any CPU
		{4B4B8208-C48E-461E-8B2E-39EC4F14F7DF}.Debug|Any CPU.Build.0 = Debug|Any CPU
		{4B4B8208-C48E-461E-8B2E-39EC4F14F7DF}.Release|Any CPU.ActiveCfg = Release|Any CPU
		{4B4B8208-C48E-461E-8B2E-39EC4F14F7DF}.Release|Any CPU.Build.0 = Release|Any CPU
		{EB9C575C-08DC-401C-9BB2-3A64877DAC04}.Debug|Any CPU.ActiveCfg = Debug|Any CPU
		{EB9C575C-08DC-401C-9BB2-3A64877DAC04}.Debug|Any CPU.Build.0 = Debug|Any CPU
		{EB9C575C-08DC-401C-9BB2-3A64877DAC04}.Release|Any CPU.ActiveCfg = Release|Any CPU
		{EB9C575C-08DC-401C-9BB2-3A64877DAC04}.Release|Any CPU.Build.0 = Release|Any CPU
		{9CE4A825-A85F-494C-804E-B64A9FB1554B}.Debug|Any CPU.ActiveCfg = Debug|Any CPU
		{9CE4A825-A85F-494C-804E-B64A9FB1554B}.Debug|Any CPU.Build.0 = Debug|Any CPU
		{9CE4A825-A85F-494C-804E-B64A9FB1554B}.Release|Any CPU.ActiveCfg = Release|Any CPU
		{9CE4A825-A85F-494C-804E-B64A9FB1554B}.Release|Any CPU.Build.0 = Release|Any CPU
		{D593570A-2D1C-4F72-A681-99C1A710128C}.Debug|Any CPU.ActiveCfg = Debug|Any CPU
		{D593570A-2D1C-4F72-A681-99C1A710128C}.Debug|Any CPU.Build.0 = Debug|Any CPU
		{D593570A-2D1C-4F72-A681-99C1A710128C}.Release|Any CPU.ActiveCfg = Release|Any CPU
		{D593570A-2D1C-4F72-A681-99C1A710128C}.Release|Any CPU.Build.0 = Release|Any CPU
		{3CAF0D21-5B50-4000-91E0-3C76ACC523E3}.Debug|Any CPU.ActiveCfg = Debug|Any CPU
		{3CAF0D21-5B50-4000-91E0-3C76ACC523E3}.Debug|Any CPU.Build.0 = Debug|Any CPU
		{3CAF0D21-5B50-4000-91E0-3C76ACC523E3}.Release|Any CPU.ActiveCfg = Release|Any CPU
		{3CAF0D21-5B50-4000-91E0-3C76ACC523E3}.Release|Any CPU.Build.0 = Release|Any CPU
		{E6D5B85C-E8FC-47D8-85A8-2E69508DCC5F}.Debug|Any CPU.ActiveCfg = Debug|Any CPU
		{E6D5B85C-E8FC-47D8-85A8-2E69508DCC5F}.Debug|Any CPU.Build.0 = Debug|Any CPU
		{E6D5B85C-E8FC-47D8-85A8-2E69508DCC5F}.Release|Any CPU.ActiveCfg = Release|Any CPU
		{E6D5B85C-E8FC-47D8-85A8-2E69508DCC5F}.Release|Any CPU.Build.0 = Release|Any CPU
		{F4F41D21-C1A7-4CAC-BA27-B51907902A54}.Debug|Any CPU.ActiveCfg = Debug|Any CPU
		{F4F41D21-C1A7-4CAC-BA27-B51907902A54}.Debug|Any CPU.Build.0 = Debug|Any CPU
		{F4F41D21-C1A7-4CAC-BA27-B51907902A54}.Release|Any CPU.ActiveCfg = Release|Any CPU
		{F4F41D21-C1A7-4CAC-BA27-B51907902A54}.Release|Any CPU.Build.0 = Release|Any CPU
		{1DA310FE-88CD-473A-8897-2CBF070478D1}.Debug|Any CPU.ActiveCfg = Debug|Any CPU
		{1DA310FE-88CD-473A-8897-2CBF070478D1}.Debug|Any CPU.Build.0 = Debug|Any CPU
		{1DA310FE-88CD-473A-8897-2CBF070478D1}.Release|Any CPU.ActiveCfg = Release|Any CPU
		{1DA310FE-88CD-473A-8897-2CBF070478D1}.Release|Any CPU.Build.0 = Release|Any CPU
		{E6B6617B-1466-4B70-AFA4-2FAF745FF8B6}.Debug|Any CPU.ActiveCfg = Debug|Any CPU
		{E6B6617B-1466-4B70-AFA4-2FAF745FF8B6}.Debug|Any CPU.Build.0 = Debug|Any CPU
		{E6B6617B-1466-4B70-AFA4-2FAF745FF8B6}.Release|Any CPU.ActiveCfg = Release|Any CPU
		{E6B6617B-1466-4B70-AFA4-2FAF745FF8B6}.Release|Any CPU.Build.0 = Release|Any CPU
		{CDAFECA6-F5C0-48CC-8386-30B1963C36DB}.Debug|Any CPU.ActiveCfg = Debug|Any CPU
		{CDAFECA6-F5C0-48CC-8386-30B1963C36DB}.Debug|Any CPU.Build.0 = Debug|Any CPU
		{CDAFECA6-F5C0-48CC-8386-30B1963C36DB}.Release|Any CPU.ActiveCfg = Release|Any CPU
		{CDAFECA6-F5C0-48CC-8386-30B1963C36DB}.Release|Any CPU.Build.0 = Release|Any CPU
		{DD503DBE-F86E-4EBA-A317-E2C6B5729850}.Debug|Any CPU.ActiveCfg = Debug|Any CPU
		{DD503DBE-F86E-4EBA-A317-E2C6B5729850}.Debug|Any CPU.Build.0 = Debug|Any CPU
		{DD503DBE-F86E-4EBA-A317-E2C6B5729850}.Release|Any CPU.ActiveCfg = Release|Any CPU
		{DD503DBE-F86E-4EBA-A317-E2C6B5729850}.Release|Any CPU.Build.0 = Release|Any CPU
		{5B2A1818-F5C5-4C8A-A18B-F4E96A1EB2BA}.Debug|Any CPU.ActiveCfg = Debug|Any CPU
		{5B2A1818-F5C5-4C8A-A18B-F4E96A1EB2BA}.Debug|Any CPU.Build.0 = Debug|Any CPU
		{5B2A1818-F5C5-4C8A-A18B-F4E96A1EB2BA}.Release|Any CPU.ActiveCfg = Release|Any CPU
		{5B2A1818-F5C5-4C8A-A18B-F4E96A1EB2BA}.Release|Any CPU.Build.0 = Release|Any CPU
		{834C7666-9593-48CF-BF43-E5A3D35B0EE6}.Debug|Any CPU.ActiveCfg = Debug|Any CPU
		{834C7666-9593-48CF-BF43-E5A3D35B0EE6}.Debug|Any CPU.Build.0 = Debug|Any CPU
		{834C7666-9593-48CF-BF43-E5A3D35B0EE6}.Release|Any CPU.ActiveCfg = Release|Any CPU
		{834C7666-9593-48CF-BF43-E5A3D35B0EE6}.Release|Any CPU.Build.0 = Release|Any CPU
		{6EE0A9B2-61B6-4A5A-BC66-97957855CDDF}.Debug|Any CPU.ActiveCfg = Debug|Any CPU
		{6EE0A9B2-61B6-4A5A-BC66-97957855CDDF}.Debug|Any CPU.Build.0 = Debug|Any CPU
		{6EE0A9B2-61B6-4A5A-BC66-97957855CDDF}.Release|Any CPU.ActiveCfg = Release|Any CPU
		{6EE0A9B2-61B6-4A5A-BC66-97957855CDDF}.Release|Any CPU.Build.0 = Release|Any CPU
		{27DC4514-4946-4FC2-A0EC-3BAAA16A1828}.Debug|Any CPU.ActiveCfg = Debug|Any CPU
		{27DC4514-4946-4FC2-A0EC-3BAAA16A1828}.Debug|Any CPU.Build.0 = Debug|Any CPU
		{27DC4514-4946-4FC2-A0EC-3BAAA16A1828}.Release|Any CPU.ActiveCfg = Release|Any CPU
		{27DC4514-4946-4FC2-A0EC-3BAAA16A1828}.Release|Any CPU.Build.0 = Release|Any CPU
	EndGlobalSection
	GlobalSection(SolutionProperties) = preSolution
		HideSolutionNode = FALSE
	EndGlobalSection
	GlobalSection(ExtensibilityGlobals) = postSolution
		SolutionGuid = {B44A2AA0-49AC-4890-AD7D-AB81401A5FEB}
	EndGlobalSection
EndGlobal
